Microsoft Visual Studio Solution File, Format Version 12.00
# Visual Studio Version 17
VisualStudioVersion = 17.0.31903.59
MinimumVisualStudioVersion = 10.0.40219.1
Project("{9A19103F-16F7-4668-BE54-9A1E7A4F7556}") = "SuperDentist.App", "src\SuperDentist.App\SuperDentist.App.csproj", "{B81FAF37-3E4D-4829-ACF6-AC6CBB72FCBD}"
EndProject
Project("{9A19103F-16F7-4668-BE54-9A1E7A4F7556}") = "SuperDentist.Core", "src\SuperDentist.Core\SuperDentist.Core.csproj", "{733D1BA4-F321-4844-B622-DAE4178E89E5}"
EndProject
Project("{9A19103F-16F7-4668-BE54-9A1E7A4F7556}") = "SuperDentist.Infrastructure", "src\SuperDentist.Infrastructure\SuperDentist.Infrastructure.csproj", "{9932E37B-3F3C-4F9E-80EE-B4464D287BA0}"
EndProject
Global
	GlobalSection(SolutionConfigurationPlatforms) = preSolution
		Debug|Any CPU = Debug|Any CPU
		Release|Any CPU = Release|Any CPU
	EndGlobalSection
	GlobalSection(ProjectConfigurationPlatforms) = postSolution
		{B81FAF37-3E4D-4829-ACF6-AC6CBB72FCBD}.Debug|Any CPU.ActiveCfg = Debug|Any CPU
		{B81FAF37-3E4D-4829-ACF6-AC6CBB72FCBD}.Debug|Any CPU.Build.0 = Debug|Any CPU
		{B81FAF37-3E4D-4829-ACF6-AC6CBB72FCBD}.Release|Any CPU.ActiveCfg = Release|Any CPU
		{B81FAF37-3E4D-4829-ACF6-AC6CBB72FCBD}.Release|Any CPU.Build.0 = Release|Any CPU
		{733D1BA4-F321-4844-B622-DAE4178E89E5}.Debug|Any CPU.ActiveCfg = Debug|Any CPU
		{733D1BA4-F321-4844-B622-DAE4178E89E5}.Debug|Any CPU.Build.0 = Debug|Any CPU
		{733D1BA4-F321-4844-B622-DAE4178E89E5}.Release|Any CPU.ActiveCfg = Release|Any CPU
		{733D1BA4-F321-4844-B622-DAE4178E89E5}.Release|Any CPU.Build.0 = Release|Any CPU
		{9932E37B-3F3C-4F9E-80EE-B4464D287BA0}.Debug|Any CPU.ActiveCfg = Debug|Any CPU
		{9932E37B-3F3C-4F9E-80EE-B4464D287BA0}.Debug|Any CPU.Build.0 = Debug|Any CPU
		{9932E37B-3F3C-4F9E-80EE-B4464D287BA0}.Release|Any CPU.ActiveCfg = Release|Any CPU
		{9932E37B-3F3C-4F9E-80EE-B4464D287BA0}.Release|Any CPU.Build.0 = Release|Any CPU
	EndGlobalSection
	GlobalSection(SolutionProperties) = preSolution
		HideSolutionNode = FALSE
	EndGlobalSection
	GlobalSection(ExtensibilityGlobals) = postSolution
		SolutionGuid = {2D054C29-4D0B-46B6-9AA8-92E016AD842C}
	EndGlobalSection
EndGlobal
